# THIS IS AN AUTOGENERATED FILE. DO NOT EDIT THIS FILE DIRECTLY.
# yarn lockfile v1


bloom-filter-cpp@^1.2.0:
  version "1.2.0"
  resolved "https://registry.yarnpkg.com/bloom-filter-cpp/-/bloom-filter-cpp-1.2.0.tgz#d3d5894b0fdeb541771d5fad96b7ba0969ecb5dc"
  integrity sha512-R5axBRU0tvJK6tZmTFj8pMdjWtjh6eUWDUVj2I8nyeCYVOUKbW+uzM8VsWvMlAYs82fdUUZmA4/rNGkHW+dPNw==

bloom-filters@^0.5.2:
  version "0.5.2"
  resolved "https://registry.yarnpkg.com/bloom-filters/-/bloom-filters-0.5.2.tgz#ca9582d916c497d70d23f1aa9dc3fe94c441bfb0"
  integrity sha512-9/aX/a20fbyMfkFKQq2Jb1DcOS0kg7yUu4a+3FekalNMb6rqGp9L5Vs9r7YWpNLL3v7mr0hl3O8AS4E36Dwz9A==
  dependencies:
    lodash.eq "^4.0.0"
    lodash.indexof "^4.0.5"
    murmurhash3js "^3.0.1"

bloomfilter@^0.0.18:
  version "0.0.18"
  resolved "https://registry.yarnpkg.com/bloomfilter/-/bloomfilter-0.0.18.tgz#6d55d34f0a214b235287b4eac9203ac623413dab"
  integrity sha512-CbnyHE78gY1tpXS/Ap+B0RJxKdRWCDzjBnX97UJSG8rdLv1PK8GiTWc/CCQyWu6PWVD4lUceeFrqC6Mf3nMgOA==

lodash.eq@^4.0.0:
  version "4.0.0"
  resolved "https://registry.yarnpkg.com/lodash.eq/-/lodash.eq-4.0.0.tgz#a39f06779e72f9c0d1f310c90cd292c1661d5035"
  integrity sha1-o58Gd55y+cDR8xDJDNKSwWYdUDU=

lodash.indexof@^4.0.5:
  version "4.0.5"
  resolved "https://registry.yarnpkg.com/lodash.indexof/-/lodash.indexof-4.0.5.tgz#53714adc2cddd6ed87638f893aa9b6c24e31ef3c"
  integrity sha1-U3FK3Czd1u2HY4+JOqm2wk4x7zw=

murmurhash3js@^3.0.1:
  version "3.0.1"
  resolved "https://registry.yarnpkg.com/murmurhash3js/-/murmurhash3js-3.0.1.tgz#3e983e5b47c2a06f43a713174e7e435ca044b998"
  integrity sha1-Ppg+W0fCoG9DpxMXTn5DXKBEuZg=

prettier@^1.16.4:
  version "1.16.4"
  resolved "https://registry.yarnpkg.com/prettier/-/prettier-1.16.4.tgz#73e37e73e018ad2db9c76742e2647e21790c9717"
  integrity sha512-ZzWuos7TI5CKUeQAtFd6Zhm2s6EpAD/ZLApIhsF9pRvRtM1RFo61dM/4MSRUA0SuLugA/zgrZD8m0BaY46Og7g==
